
Microsoft Visual Studio Solution File, Format Version 12.00
# Visual Studio Version 17
VisualStudioVersion = 17.5.002.0
MinimumVisualStudioVersion = 10.0.40219.1
Project("{9A19103F-16F7-4668-BE54-9A1E7A4F7556}") = "RedfinTest", "RedfinTest\RedfinTest.csproj", "{62D568E5-70DB-4346-ACE3-9C96F6A01F84}"
EndProject
Project("{9A19103F-16F7-4668-BE54-9A1E7A4F7556}") = "Redfin", "Redfin\Redfin.csproj", "{038FFBE4-426B-43F3-B4A4-F03B8D280475}"
EndProject
Global
	GlobalSection(SolutionConfigurationPlatforms) = preSolution
		Debug|Any CPU = Debug|Any CPU
		Release|Any CPU = Release|Any CPU
	EndGlobalSection
	GlobalSection(ProjectConfigurationPlatforms) = postSolution
		{62D568E5-70DB-4346-ACE3-9C96F6A01F84}.Debug|Any CPU.ActiveCfg = Debug|Any CPU
		{62D568E5-70DB-4346-ACE3-9C96F6A01F84}.Debug|Any CPU.Build.0 = Debug|Any CPU
		{62D568E5-70DB-4346-ACE3-9C96F6A01F84}.Release|Any CPU.ActiveCfg = Release|Any CPU
		{62D568E5-70DB-4346-ACE3-9C96F6A01F84}.Release|Any CPU.Build.0 = Release|Any CPU
		{038FFBE4-426B-43F3-B4A4-F03B8D280475}.Debug|Any CPU.ActiveCfg = Debug|Any CPU
		{038FFBE4-426B-43F3-B4A4-F03B8D280475}.Debug|Any CPU.Build.0 = Debug|Any CPU
		{038FFBE4-426B-43F3-B4A4-F03B8D280475}.Release|Any CPU.ActiveCfg = Release|Any CPU
		{038FFBE4-426B-43F3-B4A4-F03B8D280475}.Release|Any CPU.Build.0 = Release|Any CPU
	EndGlobalSection
	GlobalSection(SolutionProperties) = preSolution
		HideSolutionNode = FALSE
	EndGlobalSection
	GlobalSection(ExtensibilityGlobals) = postSolution
		SolutionGuid = {97FD1A3E-4F5A-4424-8638-E78C015AC187}
	EndGlobalSection
EndGlobal
